{
  "name": "challenge",
  "lockfileVersion": 3,
  "requires": true,
  "packages": {
    "": {
      "workspaces": [
        "apps/*"
      ],
      "devDependencies": {
        "turbo": "^1.10.0",
        "typescript": "^5.0.0"
      }
    },
    "apps/api": {
      "name": "@genai/api",
      "dependencies": {
        "@hono/node-server": "^1.19.5",
        "@hono/zod-validator": "^0.7.4",
        "better-auth": "^1.3.29",
        "dotenv": "^17.2.3",
        "drizzle-orm": "^0.44.6",
        "hono": "^4.10.2",
        "pg": "^8.16.3",
        "zod": "^4.1.12"
      },
      "devDependencies": {
        "@types/node": "^20.11.17",
        "@types/pg": "^8.15.5",
        "drizzle-kit": "^0.31.5",
        "tsx": "^4.20.6",
        "typescript": "^5.8.3"
      }
    },
    "apps/api/node_modules/@better-auth/core": {
      "version": "1.3.29",
      "dependencies": {
        "zod": "^4.1.5"
      },
      "peerDependencies": {
        "@better-auth/utils": "0.3.0",
        "@better-fetch/fetch": "1.1.18",
        "better-call": "1.0.19",
        "jose": "^6.1.0",
        "kysely": "^0.28.5",
        "nanostores": "^1.0.1"
      }
    },
    "apps/api/node_modules/@better-auth/telemetry": {
      "version": "1.3.29",
      "dependencies": {
        "@better-auth/core": "1.3.29",
        "@better-auth/utils": "0.3.0",
        "@better-fetch/fetch": "1.1.18"
      }
    },
    "apps/api/node_modules/@better-auth/utils": {
      "version": "0.3.0",
      "license": "MIT"
    },
    "apps/api/node_modules/@better-fetch/fetch": {
      "version": "1.1.18"
    },
    "apps/api/node_modules/@drizzle-team/brocli": {
      "version": "0.10.2",
      "dev": true,
      "license": "Apache-2.0"
    },
    "apps/api/node_modules/@esbuild-kit/core-utils": {
      "version": "3.3.2",
      "dev": true,
      "license": "MIT",
      "dependencies": {
        "esbuild": "~0.18.20",
        "source-map-support": "^0.5.21"
      }
    },
    "apps/api/node_modules/@esbuild-kit/core-utils/node_modules/@esbuild/darwin-arm64": {
      "version": "0.18.20",
      "cpu": [
        "arm64"
      ],
      "dev": true,
      "license": "MIT",
      "optional": true,
      "os": [
        "darwin"
      ],
      "engines": {
        "node": ">=12"
      }
    },
    "apps/api/node_modules/@esbuild-kit/core-utils/node_modules/esbuild": {
      "version": "0.18.20",
      "dev": true,
      "hasInstallScript": true,
      "license": "MIT",
      "bin": {
        "esbuild": "bin/esbuild"
      },
      "engines": {
        "node": ">=12"
      },
      "optionalDependencies": {
        "@esbuild/android-arm": "0.18.20",
        "@esbuild/android-arm64": "0.18.20",
        "@esbuild/android-x64": "0.18.20",
        "@esbuild/darwin-arm64": "0.18.20",
        "@esbuild/darwin-x64": "0.18.20",
        "@esbuild/freebsd-arm64": "0.18.20",
        "@esbuild/freebsd-x64": "0.18.20",
        "@esbuild/linux-arm": "0.18.20",
        "@esbuild/linux-arm64": "0.18.20",
        "@esbuild/linux-ia32": "0.18.20",
        "@esbuild/linux-loong64": "0.18.20",
        "@esbuild/linux-mips64el": "0.18.20",
        "@esbuild/linux-ppc64": "0.18.20",
        "@esbuild/linux-riscv64": "0.18.20",
        "@esbuild/linux-s390x": "0.18.20",
        "@esbuild/linux-x64": "0.18.20",
        "@esbuild/netbsd-x64": "0.18.20",
        "@esbuild/openbsd-x64": "0.18.20",
        "@esbuild/sunos-x64": "0.18.20",
        "@esbuild/win32-arm64": "0.18.20",
        "@esbuild/win32-ia32": "0.18.20",
        "@esbuild/win32-x64": "0.18.20"
      }
    },
    "apps/api/node_modules/@esbuild-kit/esm-loader": {
      "version": "2.6.5",
      "dev": true,
      "license": "MIT",
      "dependencies": {
        "@esbuild-kit/core-utils": "^3.3.2",
        "get-tsconfig": "^4.7.0"
      }
    },
    "apps/api/node_modules/@esbuild/darwin-arm64": {
      "version": "0.25.11",
      "cpu": [
        "arm64"
      ],
      "dev": true,
      "license": "MIT",
      "optional": true,
      "os": [
        "darwin"
      ],
      "engines": {
        "node": ">=18"
      }
    },
    "apps/api/node_modules/@hexagon/base64": {
      "version": "1.1.28",
      "license": "MIT"
    },
    "apps/api/node_modules/@hono/node-server": {
      "version": "1.19.5",
      "license": "MIT",
      "engines": {
        "node": ">=18.14.1"
      },
      "peerDependencies": {
        "hono": "^4"
      }
    },
    "apps/api/node_modules/@hono/zod-validator": {
      "version": "0.7.4",
      "license": "MIT",
      "peerDependencies": {
        "hono": ">=3.9.0",
        "zod": "^3.25.0 || ^4.0.0"
      }
    },
    "apps/api/node_modules/@levischuck/tiny-cbor": {
      "version": "0.2.11",
      "license": "MIT"
    },
    "apps/api/node_modules/@noble/ciphers": {
      "version": "2.0.1",
      "license": "MIT",
      "engines": {
        "node": ">= 20.19.0"
      },
      "funding": {
        "url": "https://paulmillr.com/funding/"
      }
    },
    "apps/api/node_modules/@noble/hashes": {
      "version": "2.0.1",
      "license": "MIT",
      "engines": {
        "node": ">= 20.19.0"
      },
      "funding": {
        "url": "https://paulmillr.com/funding/"
      }
    },
    "apps/api/node_modules/@peculiar/asn1-android": {
      "version": "2.5.0",
      "license": "MIT",
      "dependencies": {
        "@peculiar/asn1-schema": "^2.5.0",
        "asn1js": "^3.0.6",
        "tslib": "^2.8.1"
      }
    },
    "apps/api/node_modules/@peculiar/asn1-cms": {
      "version": "2.5.0",
      "license": "MIT",
      "dependencies": {
        "@peculiar/asn1-schema": "^2.5.0",
        "@peculiar/asn1-x509": "^2.5.0",
        "@peculiar/asn1-x509-attr": "^2.5.0",
        "asn1js": "^3.0.6",
        "tslib": "^2.8.1"
      }
    },
    "apps/api/node_modules/@peculiar/asn1-csr": {
      "version": "2.5.0",
      "license": "MIT",
      "dependencies": {
        "@peculiar/asn1-schema": "^2.5.0",
        "@peculiar/asn1-x509": "^2.5.0",
        "asn1js": "^3.0.6",
        "tslib": "^2.8.1"
      }
    },
    "apps/api/node_modules/@peculiar/asn1-ecc": {
      "version": "2.5.0",
      "license": "MIT",
      "dependencies": {
        "@peculiar/asn1-schema": "^2.5.0",
        "@peculiar/asn1-x509": "^2.5.0",
        "asn1js": "^3.0.6",
        "tslib": "^2.8.1"
      }
    },
    "apps/api/node_modules/@peculiar/asn1-pfx": {
      "version": "2.5.0",
      "license": "MIT",
      "dependencies": {
        "@peculiar/asn1-cms": "^2.5.0",
        "@peculiar/asn1-pkcs8": "^2.5.0",
        "@peculiar/asn1-rsa": "^2.5.0",
        "@peculiar/asn1-schema": "^2.5.0",
        "asn1js": "^3.0.6",
        "tslib": "^2.8.1"
      }
    },
    "apps/api/node_modules/@peculiar/asn1-pkcs8": {
      "version": "2.5.0",
      "license": "MIT",
      "dependencies": {
        "@peculiar/asn1-schema": "^2.5.0",
        "@peculiar/asn1-x509": "^2.5.0",
        "asn1js": "^3.0.6",
        "tslib": "^2.8.1"
      }
    },
    "apps/api/node_modules/@peculiar/asn1-pkcs9": {
      "version": "2.5.0",
      "license": "MIT",
      "dependencies": {
        "@peculiar/asn1-cms": "^2.5.0",
        "@peculiar/asn1-pfx": "^2.5.0",
        "@peculiar/asn1-pkcs8": "^2.5.0",
        "@peculiar/asn1-schema": "^2.5.0",
        "@peculiar/asn1-x509": "^2.5.0",
        "@peculiar/asn1-x509-attr": "^2.5.0",
        "asn1js": "^3.0.6",
        "tslib": "^2.8.1"
      }
    },
    "apps/api/node_modules/@peculiar/asn1-rsa": {
      "version": "2.5.0",
      "license": "MIT",
      "dependencies": {
        "@peculiar/asn1-schema": "^2.5.0",
        "@peculiar/asn1-x509": "^2.5.0",
        "asn1js": "^3.0.6",
        "tslib": "^2.8.1"
      }
    },
    "apps/api/node_modules/@peculiar/asn1-schema": {
      "version": "2.5.0",
      "license": "MIT",
      "dependencies": {
        "asn1js": "^3.0.6",
        "pvtsutils": "^1.3.6",
        "tslib": "^2.8.1"
      }
    },
    "apps/api/node_modules/@peculiar/asn1-x509": {
      "version": "2.5.0",
      "license": "MIT",
      "dependencies": {
        "@peculiar/asn1-schema": "^2.5.0",
        "asn1js": "^3.0.6",
        "pvtsutils": "^1.3.6",
        "tslib": "^2.8.1"
      }
    },
    "apps/api/node_modules/@peculiar/asn1-x509-attr": {
      "version": "2.5.0",
      "license": "MIT",
      "dependencies": {
        "@peculiar/asn1-schema": "^2.5.0",
        "@peculiar/asn1-x509": "^2.5.0",
        "asn1js": "^3.0.6",
        "tslib": "^2.8.1"
      }
    },
    "apps/api/node_modules/@peculiar/x509": {
      "version": "1.14.0",
      "license": "MIT",
      "dependencies": {
        "@peculiar/asn1-cms": "^2.5.0",
        "@peculiar/asn1-csr": "^2.5.0",
        "@peculiar/asn1-ecc": "^2.5.0",
        "@peculiar/asn1-pkcs9": "^2.5.0",
        "@peculiar/asn1-rsa": "^2.5.0",
        "@peculiar/asn1-schema": "^2.5.0",
        "@peculiar/asn1-x509": "^2.5.0",
        "pvtsutils": "^1.3.6",
        "reflect-metadata": "^0.2.2",
        "tslib": "^2.8.1",
        "tsyringe": "^4.10.0"
      }
    },
    "apps/api/node_modules/@simplewebauthn/browser": {
      "version": "13.2.2",
      "license": "MIT"
    },
    "apps/api/node_modules/@simplewebauthn/server": {
      "version": "13.2.2",
      "license": "MIT",
      "dependencies": {
        "@hexagon/base64": "^1.1.27",
        "@levischuck/tiny-cbor": "^0.2.2",
        "@peculiar/asn1-android": "^2.3.10",
        "@peculiar/asn1-ecc": "^2.3.8",
        "@peculiar/asn1-rsa": "^2.3.8",
        "@peculiar/asn1-schema": "^2.3.8",
        "@peculiar/asn1-x509": "^2.3.8",
        "@peculiar/x509": "^1.13.0"
      },
      "engines": {
        "node": ">=20.0.0"
      }
    },
    "apps/api/node_modules/@types/node": {
      "version": "20.19.23",
      "devOptional": true,
      "license": "MIT",
      "dependencies": {
        "undici-types": "~6.21.0"
      }
    },
    "apps/api/node_modules/@types/pg": {
      "version": "8.15.5",
      "devOptional": true,
      "license": "MIT",
      "dependencies": {
        "@types/node": "*",
        "pg-protocol": "*",
        "pg-types": "^2.2.0"
      }
    },
    "apps/api/node_modules/asn1js": {
      "version": "3.0.6",
      "license": "BSD-3-Clause",
      "dependencies": {
        "pvtsutils": "^1.3.6",
        "pvutils": "^1.1.3",
        "tslib": "^2.8.1"
      },
      "engines": {
        "node": ">=12.0.0"
      }
    },
    "apps/api/node_modules/better-auth": {
      "version": "1.3.29",
      "license": "MIT",
      "dependencies": {
        "@better-auth/core": "1.3.29",
        "@better-auth/telemetry": "1.3.29",
        "@better-auth/utils": "0.3.0",
        "@better-fetch/fetch": "1.1.18",
        "@noble/ciphers": "^2.0.0",
        "@noble/hashes": "^2.0.0",
        "@simplewebauthn/browser": "^13.1.2",
        "@simplewebauthn/server": "^13.1.2",
        "better-call": "1.0.19",
        "defu": "^6.1.4",
        "jose": "^6.1.0",
        "kysely": "^0.28.5",
        "nanostores": "^1.0.1",
        "zod": "^4.1.5"
      },
      "peerDependenciesMeta": {
        "@lynx-js/react": {
          "optional": true
        },
        "@sveltejs/kit": {
          "optional": true
        },
        "next": {
          "optional": true
        },
        "react": {
          "optional": true
        },
        "react-dom": {
          "optional": true
        },
        "solid-js": {
          "optional": true
        },
        "svelte": {
          "optional": true
        },
        "vue": {
          "optional": true
        }
      }
    },
    "apps/api/node_modules/better-call": {
      "version": "1.0.19",
      "dependencies": {
        "@better-auth/utils": "^0.3.0",
        "@better-fetch/fetch": "^1.1.4",
        "rou3": "^0.5.1",
        "set-cookie-parser": "^2.7.1",
        "uncrypto": "^0.1.3"
      }
    },
    "apps/api/node_modules/buffer-from": {
      "version": "1.1.2",
      "dev": true,
      "license": "MIT"
    },
    "apps/api/node_modules/debug": {
      "version": "4.4.3",
      "dev": true,
      "license": "MIT",
      "dependencies": {
        "ms": "^2.1.3"
      },
      "engines": {
        "node": ">=6.0"
      },
      "peerDependenciesMeta": {
        "supports-color": {
          "optional": true
        }
      }
    },
    "apps/api/node_modules/defu": {
      "version": "6.1.4",
      "license": "MIT"
    },
    "apps/api/node_modules/dotenv": {
      "version": "17.2.3",
      "license": "BSD-2-Clause",
      "engines": {
        "node": ">=12"
      },
      "funding": {
        "url": "https://dotenvx.com"
      }
    },
    "apps/api/node_modules/drizzle-kit": {
      "version": "0.31.5",
      "dev": true,
      "license": "MIT",
      "dependencies": {
        "@drizzle-team/brocli": "^0.10.2",
        "@esbuild-kit/esm-loader": "^2.5.5",
        "esbuild": "^0.25.4",
        "esbuild-register": "^3.5.0"
      },
      "bin": {
        "drizzle-kit": "bin.cjs"
      }
    },
    "apps/api/node_modules/drizzle-orm": {
      "version": "0.44.6",
      "license": "Apache-2.0",
      "peerDependencies": {
        "@aws-sdk/client-rds-data": ">=3",
        "@cloudflare/workers-types": ">=4",
        "@electric-sql/pglite": ">=0.2.0",
        "@libsql/client": ">=0.10.0",
        "@libsql/client-wasm": ">=0.10.0",
        "@neondatabase/serverless": ">=0.10.0",
        "@op-engineering/op-sqlite": ">=2",
        "@opentelemetry/api": "^1.4.1",
        "@planetscale/database": ">=1.13",
        "@prisma/client": "*",
        "@tidbcloud/serverless": "*",
        "@types/better-sqlite3": "*",
        "@types/pg": "*",
        "@types/sql.js": "*",
        "@upstash/redis": ">=1.34.7",
        "@vercel/postgres": ">=0.8.0",
        "@xata.io/client": "*",
        "better-sqlite3": ">=7",
        "bun-types": "*",
        "expo-sqlite": ">=14.0.0",
        "gel": ">=2",
        "knex": "*",
        "kysely": "*",
        "mysql2": ">=2",
        "pg": ">=8",
        "postgres": ">=3",
        "sql.js": ">=1",
        "sqlite3": ">=5"
      },
      "peerDependenciesMeta": {
        "@aws-sdk/client-rds-data": {
          "optional": true
        },
        "@cloudflare/workers-types": {
          "optional": true
        },
        "@electric-sql/pglite": {
          "optional": true
        },
        "@libsql/client": {
          "optional": true
        },
        "@libsql/client-wasm": {
          "optional": true
        },
        "@neondatabase/serverless": {
          "optional": true
        },
        "@op-engineering/op-sqlite": {
          "optional": true
        },
        "@opentelemetry/api": {
          "optional": true
        },
        "@planetscale/database": {
          "optional": true
        },
        "@prisma/client": {
          "optional": true
        },
        "@tidbcloud/serverless": {
          "optional": true
        },
        "@types/better-sqlite3": {
          "optional": true
        },
        "@types/pg": {
          "optional": true
        },
        "@types/sql.js": {
          "optional": true
        },
        "@upstash/redis": {
          "optional": true
        },
        "@vercel/postgres": {
          "optional": true
        },
        "@xata.io/client": {
          "optional": true
        },
        "better-sqlite3": {
          "optional": true
        },
        "bun-types": {
          "optional": true
        },
        "expo-sqlite": {
          "optional": true
        },
        "gel": {
          "optional": true
        },
        "knex": {
          "optional": true
        },
        "kysely": {
          "optional": true
        },
        "mysql2": {
          "optional": true
        },
        "pg": {
          "optional": true
        },
        "postgres": {
          "optional": true
        },
        "prisma": {
          "optional": true
        },
        "sql.js": {
          "optional": true
        },
        "sqlite3": {
          "optional": true
        }
      }
    },
    "apps/api/node_modules/esbuild": {
      "version": "0.25.11",
      "dev": true,
      "hasInstallScript": true,
      "license": "MIT",
      "bin": {
        "esbuild": "bin/esbuild"
      },
      "engines": {
        "node": ">=18"
      },
      "optionalDependencies": {
        "@esbuild/aix-ppc64": "0.25.11",
        "@esbuild/android-arm": "0.25.11",
        "@esbuild/android-arm64": "0.25.11",
        "@esbuild/android-x64": "0.25.11",
        "@esbuild/darwin-arm64": "0.25.11",
        "@esbuild/darwin-x64": "0.25.11",
        "@esbuild/freebsd-arm64": "0.25.11",
        "@esbuild/freebsd-x64": "0.25.11",
        "@esbuild/linux-arm": "0.25.11",
        "@esbuild/linux-arm64": "0.25.11",
        "@esbuild/linux-ia32": "0.25.11",
        "@esbuild/linux-loong64": "0.25.11",
        "@esbuild/linux-mips64el": "0.25.11",
        "@esbuild/linux-ppc64": "0.25.11",
        "@esbuild/linux-riscv64": "0.25.11",
        "@esbuild/linux-s390x": "0.25.11",
        "@esbuild/linux-x64": "0.25.11",
        "@esbuild/netbsd-arm64": "0.25.11",
        "@esbuild/netbsd-x64": "0.25.11",
        "@esbuild/openbsd-arm64": "0.25.11",
        "@esbuild/openbsd-x64": "0.25.11",
        "@esbuild/openharmony-arm64": "0.25.11",
        "@esbuild/sunos-x64": "0.25.11",
        "@esbuild/win32-arm64": "0.25.11",
        "@esbuild/win32-ia32": "0.25.11",
        "@esbuild/win32-x64": "0.25.11"
      }
    },
    "apps/api/node_modules/esbuild-register": {
      "version": "3.6.0",
      "dev": true,
      "license": "MIT",
      "dependencies": {
        "debug": "^4.3.4"
      },
      "peerDependencies": {
        "esbuild": ">=0.12 <1"
      }
    },
    "apps/api/node_modules/fsevents": {
      "version": "2.3.3",
      "dev": true,
      "license": "MIT",
      "optional": true,
      "os": [
        "darwin"
      ],
      "engines": {
        "node": "^8.16.0 || ^10.6.0 || >=11.0.0"
      }
    },
    "apps/api/node_modules/get-tsconfig": {
      "version": "4.13.0",
      "dev": true,
      "license": "MIT",
      "dependencies": {
        "resolve-pkg-maps": "^1.0.0"
      },
      "funding": {
        "url": "https://github.com/privatenumber/get-tsconfig?sponsor=1"
      }
    },
    "apps/api/node_modules/hono": {
      "version": "4.10.2",
      "license": "MIT",
      "engines": {
        "node": ">=16.9.0"
      }
    },
    "apps/api/node_modules/jose": {
      "version": "6.1.0",
      "license": "MIT",
      "funding": {
        "url": "https://github.com/sponsors/panva"
      }
    },
    "apps/api/node_modules/kysely": {
      "version": "0.28.8",
      "license": "MIT",
      "engines": {
        "node": ">=20.0.0"
      }
    },
    "apps/api/node_modules/ms": {
      "version": "2.1.3",
      "dev": true,
      "license": "MIT"
    },
    "apps/api/node_modules/nanostores": {
      "version": "1.0.1",
      "funding": [
        {
          "type": "github",
          "url": "https://github.com/sponsors/ai"
        }
      ],
      "license": "MIT",
      "engines": {
        "node": "^20.0.0 || >=22.0.0"
      }
    },
    "apps/api/node_modules/pg": {
      "version": "8.16.3",
      "license": "MIT",
      "dependencies": {
        "pg-connection-string": "^2.9.1",
        "pg-pool": "^3.10.1",
        "pg-protocol": "^1.10.3",
        "pg-types": "2.2.0",
        "pgpass": "1.0.5"
      },
      "engines": {
        "node": ">= 16.0.0"
      },
      "optionalDependencies": {
        "pg-cloudflare": "^1.2.7"
      },
      "peerDependencies": {
        "pg-native": ">=3.0.1"
      },
      "peerDependenciesMeta": {
        "pg-native": {
          "optional": true
        }
      }
    },
    "apps/api/node_modules/pg-cloudflare": {
      "version": "1.2.7",
      "license": "MIT",
      "optional": true
    },
    "apps/api/node_modules/pg-connection-string": {
      "version": "2.9.1",
      "license": "MIT"
    },
    "apps/api/node_modules/pg-int8": {
      "version": "1.0.1",
      "license": "ISC",
      "engines": {
        "node": ">=4.0.0"
      }
    },
    "apps/api/node_modules/pg-pool": {
      "version": "3.10.1",
      "license": "MIT",
      "peerDependencies": {
        "pg": ">=8.0"
      }
    },
    "apps/api/node_modules/pg-protocol": {
      "version": "1.10.3",
      "license": "MIT"
    },
    "apps/api/node_modules/pg-types": {
      "version": "2.2.0",
      "license": "MIT",
      "dependencies": {
        "pg-int8": "1.0.1",
        "postgres-array": "~2.0.0",
        "postgres-bytea": "~1.0.0",
        "postgres-date": "~1.0.4",
        "postgres-interval": "^1.1.0"
      },
      "engines": {
        "node": ">=4"
      }
    },
    "apps/api/node_modules/pgpass": {
      "version": "1.0.5",
      "license": "MIT",
      "dependencies": {
        "split2": "^4.1.0"
      }
    },
    "apps/api/node_modules/postgres-array": {
      "version": "2.0.0",
      "license": "MIT",
      "engines": {
        "node": ">=4"
      }
    },
    "apps/api/node_modules/postgres-bytea": {
      "version": "1.0.0",
      "license": "MIT",
      "engines": {
        "node": ">=0.10.0"
      }
    },
    "apps/api/node_modules/postgres-date": {
      "version": "1.0.7",
      "license": "MIT",
      "engines": {
        "node": ">=0.10.0"
      }
    },
    "apps/api/node_modules/postgres-interval": {
      "version": "1.2.0",
      "license": "MIT",
      "dependencies": {
        "xtend": "^4.0.0"
      },
      "engines": {
        "node": ">=0.10.0"
      }
    },
    "apps/api/node_modules/pvtsutils": {
      "version": "1.3.6",
      "license": "MIT",
      "dependencies": {
        "tslib": "^2.8.1"
      }
    },
    "apps/api/node_modules/pvutils": {
      "version": "1.1.3",
      "license": "MIT",
      "engines": {
        "node": ">=6.0.0"
      }
    },
    "apps/api/node_modules/reflect-metadata": {
      "version": "0.2.2",
      "license": "Apache-2.0"
    },
    "apps/api/node_modules/resolve-pkg-maps": {
      "version": "1.0.0",
      "dev": true,
      "license": "MIT",
      "funding": {
        "url": "https://github.com/privatenumber/resolve-pkg-maps?sponsor=1"
      }
    },
    "apps/api/node_modules/rou3": {
      "version": "0.5.1",
      "license": "MIT"
    },
    "apps/api/node_modules/set-cookie-parser": {
      "version": "2.7.1",
      "license": "MIT"
    },
    "apps/api/node_modules/source-map": {
      "version": "0.6.1",
      "dev": true,
      "license": "BSD-3-Clause",
      "engines": {
        "node": ">=0.10.0"
      }
    },
    "apps/api/node_modules/source-map-support": {
      "version": "0.5.21",
      "dev": true,
      "license": "MIT",
      "dependencies": {
        "buffer-from": "^1.0.0",
        "source-map": "^0.6.0"
      }
    },
    "apps/api/node_modules/split2": {
      "version": "4.2.0",
      "license": "ISC",
      "engines": {
        "node": ">= 10.x"
      }
    },
    "apps/api/node_modules/tslib": {
      "version": "2.8.1",
      "license": "0BSD"
    },
    "apps/api/node_modules/tsx": {
      "version": "4.20.6",
      "dev": true,
      "license": "MIT",
      "dependencies": {
        "esbuild": "~0.25.0",
        "get-tsconfig": "^4.7.5"
      },
      "bin": {
        "tsx": "dist/cli.mjs"
      },
      "engines": {
        "node": ">=18.0.0"
      },
      "optionalDependencies": {
        "fsevents": "~2.3.3"
      }
    },
    "apps/api/node_modules/tsyringe": {
      "version": "4.10.0",
      "license": "MIT",
      "dependencies": {
        "tslib": "^1.9.3"
      },
      "engines": {
        "node": ">= 6.0.0"
      }
    },
    "apps/api/node_modules/tsyringe/node_modules/tslib": {
      "version": "1.14.1",
      "license": "0BSD"
    },
    "apps/api/node_modules/uncrypto": {
      "version": "0.1.3",
      "license": "MIT"
    },
    "apps/api/node_modules/undici-types": {
      "version": "6.21.0",
      "devOptional": true,
      "license": "MIT"
    },
    "apps/api/node_modules/xtend": {
      "version": "4.0.2",
      "license": "MIT",
      "engines": {
        "node": ">=0.4"
      }
    },
    "apps/api/node_modules/zod": {
      "version": "4.1.12",
      "license": "MIT",
      "funding": {
        "url": "https://github.com/sponsors/colinhacks"
      }
    },
    "node_modules/@genai/api": {
      "resolved": "apps/api",
      "link": true
    },
    "node_modules/turbo": {
      "version": "1.13.4",
      "resolved": "https://registry.npmjs.org/turbo/-/turbo-1.13.4.tgz",
      "integrity": "sha512-1q7+9UJABuBAHrcC4Sxp5lOqYS5mvxRrwa33wpIyM18hlOCpRD/fTJNxZ0vhbMcJmz15o9kkVm743mPn7p6jpQ==",
      "dev": true,
      "license": "MPL-2.0",
      "bin": {
        "turbo": "bin/turbo"
      },
      "optionalDependencies": {
        "turbo-darwin-64": "1.13.4",
        "turbo-darwin-arm64": "1.13.4",
        "turbo-linux-64": "1.13.4",
        "turbo-linux-arm64": "1.13.4",
        "turbo-windows-64": "1.13.4",
        "turbo-windows-arm64": "1.13.4"
      }
    },
    "node_modules/turbo-darwin-64": {
      "version": "1.13.4",
      "resolved": "https://registry.npmjs.org/turbo-darwin-64/-/turbo-darwin-64-1.13.4.tgz",
      "integrity": "sha512-A0eKd73R7CGnRinTiS7txkMElg+R5rKFp9HV7baDiEL4xTG1FIg/56Vm7A5RVgg8UNgG2qNnrfatJtb+dRmNdw==",
      "cpu": [
        "x64"
      ],
      "dev": true,
      "license": "MPL-2.0",
      "optional": true,
      "os": [
        "darwin"
      ]
    },
    "node_modules/turbo-darwin-arm64": {
      "version": "1.13.4",
      "resolved": "https://registry.npmjs.org/turbo-darwin-arm64/-/turbo-darwin-arm64-1.13.4.tgz",
      "integrity": "sha512-eG769Q0NF6/Vyjsr3mKCnkG/eW6dKMBZk6dxWOdrHfrg6QgfkBUk0WUUujzdtVPiUIvsh4l46vQrNVd9EOtbyA==",
      "cpu": [
        "arm64"
      ],
      "dev": true,
      "license": "MPL-2.0",
      "optional": true,
      "os": [
        "darwin"
      ]
    },
    "node_modules/turbo-linux-64": {
      "version": "1.13.4",
      "resolved": "https://registry.npmjs.org/turbo-linux-64/-/turbo-linux-64-1.13.4.tgz",
      "integrity": "sha512-Bq0JphDeNw3XEi+Xb/e4xoKhs1DHN7OoLVUbTIQz+gazYjigVZvtwCvgrZI7eW9Xo1eOXM2zw2u1DGLLUfmGkQ==",
      "cpu": [
        "x64"
      ],
      "dev": true,
      "license": "MPL-2.0",
      "optional": true,
      "os": [
        "linux"
      ]
    },
    "node_modules/turbo-linux-arm64": {
      "version": "1.13.4",
      "resolved": "https://registry.npmjs.org/turbo-linux-arm64/-/turbo-linux-arm64-1.13.4.tgz",
      "integrity": "sha512-BJcXw1DDiHO/okYbaNdcWN6szjXyHWx9d460v6fCHY65G8CyqGU3y2uUTPK89o8lq/b2C8NK0yZD+Vp0f9VoIg==",
      "cpu": [
        "arm64"
      ],
      "dev": true,
      "license": "MPL-2.0",
      "optional": true,
      "os": [
        "linux"
      ]
    },
    "node_modules/turbo-windows-64": {
      "version": "1.13.4",
      "resolved": "https://registry.npmjs.org/turbo-windows-64/-/turbo-windows-64-1.13.4.tgz",
      "integrity": "sha512-OFFhXHOFLN7A78vD/dlVuuSSVEB3s9ZBj18Tm1hk3aW1HTWTuAw0ReN6ZNlVObZUHvGy8d57OAGGxf2bT3etQw==",
      "cpu": [
        "x64"
      ],
      "dev": true,
      "license": "MPL-2.0",
      "optional": true,
      "os": [
        "win32"
      ]
    },
    "node_modules/turbo-windows-arm64": {
      "version": "1.13.4",
      "resolved": "https://registry.npmjs.org/turbo-windows-arm64/-/turbo-windows-arm64-1.13.4.tgz",
      "integrity": "sha512-u5A+VOKHswJJmJ8o8rcilBfU5U3Y1TTAfP9wX8bFh8teYF1ghP0EhtMRLjhtp6RPa+XCxHHVA2CiC3gbh5eg5g==",
      "cpu": [
        "arm64"
      ],
      "dev": true,
      "license": "MPL-2.0",
      "optional": true,
      "os": [
        "win32"
      ]
    },
    "node_modules/typescript": {
      "version": "5.9.3",
      "resolved": "https://registry.npmjs.org/typescript/-/typescript-5.9.3.tgz",
      "integrity": "sha512-jl1vZzPDinLr9eUt3J/t7V6FgNEw9QjvBPdysz9KfQDD41fQrC2Y4vKQdiaUpFT4bXlb1RHhLpp8wtm6M5TgSw==",
      "dev": true,
      "license": "Apache-2.0",
      "bin": {
        "tsc": "bin/tsc",
        "tsserver": "bin/tsserver"
      },
      "engines": {
        "node": ">=14.17"
      }
    }
  }
}
